
Microsoft Visual Studio Solution File, Format Version 12.00
# Visual Studio Version 17
VisualStudioVersion = 17.9.34728.123
MinimumVisualStudioVersion = 10.0.40219.1
Project("{FAE04EC0-301F-11D3-BF4B-00C04F79EFBC}") = "calculater1.4", "calculater1.4\calculater1.4.csproj", "{86E0F1E2-EB6B-4361-B67F-31DD8A64F1BD}"
EndProject
Global
	GlobalSection(SolutionConfigurationPlatforms) = preSolution
		Debug|Any CPU = Debug|Any CPU
		Release|Any CPU = Release|Any CPU
	EndGlobalSection
	GlobalSection(ProjectConfigurationPlatforms) = postSolution
		{86E0F1E2-EB6B-4361-B67F-31DD8A64F1BD}.Debug|Any CPU.ActiveCfg = Debug|Any CPU
		{86E0F1E2-EB6B-4361-B67F-31DD8A64F1BD}.Debug|Any CPU.Build.0 = Debug|Any CPU
		{86E0F1E2-EB6B-4361-B67F-31DD8A64F1BD}.Release|Any CPU.ActiveCfg = Release|Any CPU
		{86E0F1E2-EB6B-4361-B67F-31DD8A64F1BD}.Release|Any CPU.Build.0 = Release|Any CPU
	EndGlobalSection
	GlobalSection(SolutionProperties) = preSolution
		HideSolutionNode = FALSE
	EndGlobalSection
	GlobalSection(ExtensibilityGlobals) = postSolution
		SolutionGuid = {592656BC-99FF-40BF-8AE6-187B8E1E5157}
	EndGlobalSection
EndGlobal
